
Microsoft Visual Studio Solution File, Format Version 12.00
# Visual Studio Version 16
VisualStudioVersion = 25.0.1706.4
MinimumVisualStudioVersion = 10.0.40219.1
Project("{FAE04EC0-301F-11D3-BF4B-00C04F79EFBC}") = "Linq-Metots", "Linq-Metots\Linq-Metots.csproj", "{4EC10DA1-89DE-4645-9CF5-2DBAA525B067}"
EndProject
Global
	GlobalSection(SolutionConfigurationPlatforms) = preSolution
		Debug|Any CPU = Debug|Any CPU
		Release|Any CPU = Release|Any CPU
	EndGlobalSection
	GlobalSection(ProjectConfigurationPlatforms) = postSolution
		{4EC10DA1-89DE-4645-9CF5-2DBAA525B067}.Debug|Any CPU.ActiveCfg = Debug|Any CPU
		{4EC10DA1-89DE-4645-9CF5-2DBAA525B067}.Debug|Any CPU.Build.0 = Debug|Any CPU
		{4EC10DA1-89DE-4645-9CF5-2DBAA525B067}.Release|Any CPU.ActiveCfg = Release|Any CPU
		{4EC10DA1-89DE-4645-9CF5-2DBAA525B067}.Release|Any CPU.Build.0 = Release|Any CPU
	EndGlobalSection
	GlobalSection(SolutionProperties) = preSolution
		HideSolutionNode = FALSE
	EndGlobalSection
	GlobalSection(ExtensibilityGlobals) = postSolution
		SolutionGuid = {832733F5-0D61-421E-94E2-353D95D35F26}
	EndGlobalSection
EndGlobal
